github.com/gitApurv/dog v0.0.0-20231212211920-d6973e4e57b1 h1:5ipcEzr5cAmYeSQ/lUvES7wVNZhZh73iaIiBJC97pZc=
github.com/gitApurv/dog v0.0.0-20231212211920-d6973e4e57b1/go.mod h1:tAKM+LCv3LMy6HYe9vzBvIAxaZD3JUBrNGIxoTL1v14=
github.com/gitApurv/dog v0.0.0-20231212212748-13bc477a5fd9 h1:BHC7whF5e+LqR7iheKT5o5TeWXrPk4uzV8BCrlBPLUw=
github.com/gitApurv/dog v0.0.0-20231212212748-13bc477a5fd9/go.mod h1:tAKM+LCv3LMy6HYe9vzBvIAxaZD3JUBrNGIxoTL1v14=
